
Microsoft Visual Studio Solution File, Format Version 12.00
# Visual Studio Version 17
VisualStudioVersion = 17.13.35919.96 d17.13
MinimumVisualStudioVersion = 10.0.40219.1
Project("{FAE04EC0-301F-11D3-BF4B-00C04F79EFBC}") = "uskiKrug", "uskiKrug\uskiKrug.csproj", "{84C0D4BB-B75A-48F9-AF15-A12A850FFF3D}"
EndProject
Global
	GlobalSection(SolutionConfigurationPlatforms) = preSolution
		Debug|Any CPU = Debug|Any CPU
		Release|Any CPU = Release|Any CPU
	EndGlobalSection
	GlobalSection(ProjectConfigurationPlatforms) = postSolution
		{84C0D4BB-B75A-48F9-AF15-A12A850FFF3D}.Debug|Any CPU.ActiveCfg = Debug|Any CPU
		{84C0D4BB-B75A-48F9-AF15-A12A850FFF3D}.Debug|Any CPU.Build.0 = Debug|Any CPU
		{84C0D4BB-B75A-48F9-AF15-A12A850FFF3D}.Release|Any CPU.ActiveCfg = Release|Any CPU
		{84C0D4BB-B75A-48F9-AF15-A12A850FFF3D}.Release|Any CPU.Build.0 = Release|Any CPU
	EndGlobalSection
	GlobalSection(SolutionProperties) = preSolution
		HideSolutionNode = FALSE
	EndGlobalSection
	GlobalSection(ExtensibilityGlobals) = postSolution
		SolutionGuid = {44399A2E-7473-41DB-BF44-CFB111D985B0}
	EndGlobalSection
EndGlobal
